
Microsoft Visual Studio Solution File, Format Version 12.00
# Visual Studio Version 16
VisualStudioVersion = 16.0.30011.22
MinimumVisualStudioVersion = 10.0.40219.1
Project("{FAE04EC0-301F-11D3-BF4B-00C04F79EFBC}") = "ЛР№2", "ЛР№2\ЛР№2.csproj", "{A71A94E1-5BCB-4629-BDE3-E62EBC8015EF}"
EndProject
Global
	GlobalSection(SolutionConfigurationPlatforms) = preSolution
		Debug|Any CPU = Debug|Any CPU
		Release|Any CPU = Release|Any CPU
	EndGlobalSection
	GlobalSection(ProjectConfigurationPlatforms) = postSolution
		{A71A94E1-5BCB-4629-BDE3-E62EBC8015EF}.Debug|Any CPU.ActiveCfg = Debug|Any CPU
		{A71A94E1-5BCB-4629-BDE3-E62EBC8015EF}.Debug|Any CPU.Build.0 = Debug|Any CPU
		{A71A94E1-5BCB-4629-BDE3-E62EBC8015EF}.Release|Any CPU.ActiveCfg = Release|Any CPU
		{A71A94E1-5BCB-4629-BDE3-E62EBC8015EF}.Release|Any CPU.Build.0 = Release|Any CPU
	EndGlobalSection
	GlobalSection(SolutionProperties) = preSolution
		HideSolutionNode = FALSE
	EndGlobalSection
	GlobalSection(ExtensibilityGlobals) = postSolution
		SolutionGuid = {C4A4D085-5751-4735-A9D1-7F293AE0A199}
	EndGlobalSection
EndGlobal
